
Microsoft Visual Studio Solution File, Format Version 12.00
# Visual Studio Version 17
VisualStudioVersion = 17.8.34316.72
MinimumVisualStudioVersion = 10.0.40219.1
Project("{FAE04EC0-301F-11D3-BF4B-00C04F79EFBC}") = "Sage100Adresspflege", "Sage100Adresspflege\Sage100Adresspflege.csproj", "{70D3F7A6-8D9C-403B-93CA-12DE44A66D29}"
EndProject
Global
	GlobalSection(SolutionConfigurationPlatforms) = preSolution
		Debug|Any CPU = Debug|Any CPU
		Release|Any CPU = Release|Any CPU
	EndGlobalSection
	GlobalSection(ProjectConfigurationPlatforms) = postSolution
		{70D3F7A6-8D9C-403B-93CA-12DE44A66D29}.Debug|Any CPU.ActiveCfg = Debug|Any CPU
		{70D3F7A6-8D9C-403B-93CA-12DE44A66D29}.Debug|Any CPU.Build.0 = Debug|Any CPU
		{70D3F7A6-8D9C-403B-93CA-12DE44A66D29}.Release|Any CPU.ActiveCfg = Release|Any CPU
		{70D3F7A6-8D9C-403B-93CA-12DE44A66D29}.Release|Any CPU.Build.0 = Release|Any CPU
	EndGlobalSection
	GlobalSection(SolutionProperties) = preSolution
		HideSolutionNode = FALSE
	EndGlobalSection
	GlobalSection(ExtensibilityGlobals) = postSolution
		SolutionGuid = {DCDCEA4A-A896-4A1F-BA1D-D56FA55C20F7}
	EndGlobalSection
EndGlobal
